PODS:
  - FlutterMacOS (1.0.0)
  - modal_progress_hud_nsn (0.4.0):
    - FlutterMacOS

DEPENDENCIES:
  - FlutterMacOS (from `Flutter/ephemeral`)
  - modal_progress_hud_nsn (from `Flutter/ephemeral/.symlinks/plugins/modal_progress_hud_nsn/macos`)

EXTERNAL SOURCES:
  FlutterMacOS:
    :path: Flutter/ephemeral
  modal_progress_hud_nsn:
    :path: Flutter/ephemeral/.symlinks/plugins/modal_progress_hud_nsn/macos

SPEC CHECKSUMS:
  FlutterMacOS: 8f6f14fa908a6fb3fba0cd85dbd81ec4b251fb24
  modal_progress_hud_nsn: eff428e9fb32ddd232c5b66f8371b2150f36e989

PODFILE CHECKSUM: 236401fc2c932af29a9fcf0e97baeeb2d750d367

COCOAPODS: 1.13.0
