PODS:
  - Flutter (1.0.0)
  - modal_progress_hud_nsn (0.4.0):
    - Flutter

DEPENDENCIES:
  - Flutter (from `Flutter`)
  - modal_progress_hud_nsn (from `.symlinks/plugins/modal_progress_hud_nsn/ios`)

EXTERNAL SOURCES:
  Flutter:
    :path: Flutter
  modal_progress_hud_nsn:
    :path: ".symlinks/plugins/modal_progress_hud_nsn/ios"

SPEC CHECKSUMS:
  Flutter: f04841e97a9d0b0a8025694d0796dd46242b2854
  modal_progress_hud_nsn: b66f99f02da7de83484e50dfe1fe2d71ac406e67

PODFILE CHECKSUM: 70d9d25280d0dd177a5f637cdb0f0b0b12c6a189

COCOAPODS: 1.13.0
